// !$*UTF8*$!
{
	archiveVersion = 1;
	classes = {
	};
	objectVersion = 46;
	objects = {

/* Begin PBXBuildFile section */
		BE2252471C60582B0028B3E9 /* AppDelegate.swift in Sources */ = {isa = PBXBuildFile; fileRef = BE2252461C60582B0028B3E9 /* AppDelegate.swift */; };
		BE2252491C60582B0028B3E9 /* ViewController.swift in Sources */ = {isa = PBXBuildFile; fileRef = BE2252481C60582B0028B3E9 /* ViewController.swift */; };
		BE22524E1C60582B0028B3E9 /* Assets.xcassets in Resources */ = {isa = PBXBuildFile; fileRef = BE22524D1C60582B0028B3E9 /* Assets.xcassets */; };
		BE2252511C60582B0028B3E9 /* LaunchScreen.storyboard in Resources */ = {isa = PBXBuildFile; fileRef = BE22524F1C60582B0028B3E9 /* LaunchScreen.storyboard */; };
		BE22525C1C60582B0028B3E9 /* FXFTPServerTests.swift in Sources */ = {isa = PBXBuildFile; fileRef = BE22525B1C60582B0028B3E9 /* FXFTPServerTests.swift */; };
		BE2252881C605D420028B3E9 /* AsyncSocket.m in Sources */ = {isa = PBXBuildFile; fileRef = BE2252781C605D420028B3E9 /* AsyncSocket.m */; settings = {COMPILER_FLAGS = "-fno-objc-arc"; }; };
		BE2252891C605D420028B3E9 /* FtpConnection.m in Sources */ = {isa = PBXBuildFile; fileRef = BE22527A1C605D420028B3E9 /* FtpConnection.m */; settings = {COMPILER_FLAGS = "-fno-objc-arc"; }; };
		BE22528A1C605D420028B3E9 /* FtpDataConnection.m in Sources */ = {isa = PBXBuildFile; fileRef = BE22527C1C605D420028B3E9 /* FtpDataConnection.m */; settings = {COMPILER_FLAGS = "-fno-objc-arc"; }; };
		BE22528B1C605D420028B3E9 /* FtpServer.m in Sources */ = {isa = PBXBuildFile; fileRef = BE22527F1C605D420028B3E9 /* FtpServer.m */; settings = {COMPILER_FLAGS = "-fno-objc-arc"; }; };
		BE22528E1C605D420028B3E9 /* list.m in Sources */ = {isa = PBXBuildFile; fileRef = BE2252851C605D420028B3E9 /* list.m */; settings = {COMPILER_FLAGS = "-fno-objc-arc"; }; };
		BE22528F1C605D420028B3E9 /* NetworkController.m in Sources */ = {isa = PBXBuildFile; fileRef = BE2252871C605D420028B3E9 /* NetworkController.m */; };
		BE2252911C60618D0028B3E9 /* ftp_commands.plist in Resources */ = {isa = PBXBuildFile; fileRef = BE2252901C60618D0028B3E9 /* ftp_commands.plist */; };
		BE5449121C613F7C007ACF76 /* GCDAsyncSocket.m in Sources */ = {isa = PBXBuildFile; fileRef = BE5449111C613F7C007ACF76 /* GCDAsyncSocket.m */; };
		BE5449141C61C625007ACF76 /* FXFtpConnection.swift in Sources */ = {isa = PBXBuildFile; fileRef = BE5449131C61C625007ACF76 /* FXFtpConnection.swift */; };
		BE5449161C61C63A007ACF76 /* FXFTPDataConnection.swift in Sources */ = {isa = PBXBuildFile; fileRef = BE5449151C61C63A007ACF76 /* FXFTPDataConnection.swift */; };
		BE5449181C61C649007ACF76 /* FXFtpServer.swift in Sources */ = {isa = PBXBuildFile; fileRef = BE5449171C61C649007ACF76 /* FXFtpServer.swift */; };
		BE54491A1C61C650007ACF76 /* FXList.swift in Sources */ = {isa = PBXBuildFile; fileRef = BE5449191C61C650007ACF76 /* FXList.swift */; };
		BE54491C1C61C65B007ACF76 /* FXNetworkController.swift in Sources */ = {isa = PBXBuildFile; fileRef = BE54491B1C61C65B007ACF76 /* FXNetworkController.swift */; };
/* End PBXBuildFile section */

/* Begin PBXContainerItemProxy section */
		BE2252581C60582B0028B3E9 /* PBXContainerItemProxy */ = {
			isa = PBXContainerItemProxy;
			containerPortal = BE22523B1C60582B0028B3E9 /* Project object */;
			proxyType = 1;
			remoteGlobalIDString = BE2252421C60582B0028B3E9;
			remoteInfo = FXFTPServer;
		};
/* End PBXContainerItemProxy section */

/* Begin PBXFileReference section */
		BE2252431C60582B0028B3E9 /* FXFTPServer.app */ = {isa = PBXFileReference; explicitFileType = wrapper.application; includeInIndex = 0; path = FXFTPServer.app; sourceTree = BUILT_PRODUCTS_DIR; };
		BE2252461C60582B0028B3E9 /* AppDelegate.swift */ = {isa = PBXFileReference; lastKnownFileType = sourcecode.swift; path = AppDelegate.swift; sourceTree = "<group>"; };
		BE2252481C60582B0028B3E9 /* ViewController.swift */ = {isa = PBXFileReference; lastKnownFileType = sourcecode.swift; path = ViewController.swift; sourceTree = "<group>"; };
		BE22524D1C60582B0028B3E9 /* Assets.xcassets */ = {isa = PBXFileReference; lastKnownFileType = folder.assetcatalog; path = Assets.xcassets; sourceTree = "<group>"; };
		BE2252501C60582B0028B3E9 /* Base */ = {isa = PBXFileReference; lastKnownFileType = file.storyboard; name = Base; path = Base.lproj/LaunchScreen.storyboard; sourceTree = "<group>"; };
		BE2252521C60582B0028B3E9 /* Info.plist */ = {isa = PBXFileReference; lastKnownFileType = text.plist.xml; path = Info.plist; sourceTree = "<group>"; };
		BE2252571C60582B0028B3E9 /* FXFTPServerTests.xctest */ = {isa = PBXFileReference; explicitFileType = wrapper.cfbundle; includeInIndex = 0; path = FXFTPServerTests.xctest; sourceTree = BUILT_PRODUCTS_DIR; };
		BE22525B1C60582B0028B3E9 /* FXFTPServerTests.swift */ = {isa = PBXFileReference; lastKnownFileType = sourcecode.swift; path = FXFTPServerTests.swift; sourceTree = "<group>"; };
		BE22525D1C60582B0028B3E9 /* Info.plist */ = {isa = PBXFileReference; lastKnownFileType = text.plist.xml; path = Info.plist; sourceTree = "<group>"; };
		BE2252671C605A6A0028B3E9 /* FXFTPServer-Bridging-Header.h */ = {isa = PBXFileReference; lastKnownFileType = sourcecode.c.h; path = "FXFTPServer-Bridging-Header.h"; sourceTree = "<group>"; };
		BE2252771C605D420028B3E9 /* AsyncSocket.h */ = {isa = PBXFileReference; fileEncoding = 4; lastKnownFileType = sourcecode.c.h; path = AsyncSocket.h; sourceTree = "<group>"; };
		BE2252781C605D420028B3E9 /* AsyncSocket.m */ = {isa = PBXFileReference; fileEncoding = 4; lastKnownFileType = sourcecode.c.objc; path = AsyncSocket.m; sourceTree = "<group>"; };
		BE2252791C605D420028B3E9 /* FtpConnection.h */ = {isa = PBXFileReference; fileEncoding = 4; lastKnownFileType = sourcecode.c.h; path = FtpConnection.h; sourceTree = "<group>"; };
		BE22527A1C605D420028B3E9 /* FtpConnection.m */ = {isa = PBXFileReference; fileEncoding = 4; lastKnownFileType = sourcecode.c.objc; path = FtpConnection.m; sourceTree = "<group>"; };
		BE22527B1C605D420028B3E9 /* FtpDataConnection.h */ = {isa = PBXFileReference; fileEncoding = 4; lastKnownFileType = sourcecode.c.h; path = FtpDataConnection.h; sourceTree = "<group>"; };
		BE22527C1C605D420028B3E9 /* FtpDataConnection.m */ = {isa = PBXFileReference; fileEncoding = 4; lastKnownFileType = sourcecode.c.objc; path = FtpDataConnection.m; sourceTree = "<group>"; };
		BE22527D1C605D420028B3E9 /* FtpDefines.h */ = {isa = PBXFileReference; fileEncoding = 4; lastKnownFileType = sourcecode.c.h; path = FtpDefines.h; sourceTree = "<group>"; };
		BE22527E1C605D420028B3E9 /* FtpServer.h */ = {isa = PBXFileReference; fileEncoding = 4; lastKnownFileType = sourcecode.c.h; path = FtpServer.h; sourceTree = "<group>"; };
		BE22527F1C605D420028B3E9 /* FtpServer.m */ = {isa = PBXFileReference; fileEncoding = 4; lastKnownFileType = sourcecode.c.objc; path = FtpServer.m; sourceTree = "<group>"; };
		BE2252841C605D420028B3E9 /* list.h */ = {isa = PBXFileReference; fileEncoding = 4; lastKnownFileType = sourcecode.c.h; path = list.h; sourceTree = "<group>"; };
		BE2252851C605D420028B3E9 /* list.m */ = {isa = PBXFileReference; fileEncoding = 4; lastKnownFileType = sourcecode.c.objc; path = list.m; sourceTree = "<group>"; };
		BE2252861C605D420028B3E9 /* NetworkController.h */ = {isa = PBXFileReference; fileEncoding = 4; lastKnownFileType = sourcecode.c.h; path = NetworkController.h; sourceTree = "<group>"; };
		BE2252871C605D420028B3E9 /* NetworkController.m */ = {isa = PBXFileReference; fileEncoding = 4; lastKnownFileType = sourcecode.c.objc; path = NetworkController.m; sourceTree = "<group>"; };
		BE2252901C60618D0028B3E9 /* ftp_commands.plist */ = {isa = PBXFileReference; fileEncoding = 4; lastKnownFileType = text.plist.xml; path = ftp_commands.plist; sourceTree = "<group>"; };
		BE5449101C613F7C007ACF76 /* GCDAsyncSocket.h */ = {isa = PBXFileReference; fileEncoding = 4; lastKnownFileType = sourcecode.c.h; path = GCDAsyncSocket.h; sourceTree = "<group>"; };
		BE5449111C613F7C007ACF76 /* GCDAsyncSocket.m */ = {isa = PBXFileReference; fileEncoding = 4; lastKnownFileType = sourcecode.c.objc; path = GCDAsyncSocket.m; sourceTree = "<group>"; };
		BE5449131C61C625007ACF76 /* FXFtpConnection.swift */ = {isa = PBXFileReference; fileEncoding = 4; lastKnownFileType = sourcecode.swift; path = FXFtpConnection.swift; sourceTree = "<group>"; };
		BE5449151C61C63A007ACF76 /* FXFTPDataConnection.swift */ = {isa = PBXFileReference; fileEncoding = 4; lastKnownFileType = sourcecode.swift; path = FXFTPDataConnection.swift; sourceTree = "<group>"; };
		BE5449171C61C649007ACF76 /* FXFtpServer.swift */ = {isa = PBXFileReference; fileEncoding = 4; lastKnownFileType = sourcecode.swift; path = FXFtpServer.swift; sourceTree = "<group>"; };
		BE5449191C61C650007ACF76 /* FXList.swift */ = {isa = PBXFileReference; fileEncoding = 4; lastKnownFileType = sourcecode.swift; path = FXList.swift; sourceTree = "<group>"; };
		BE54491B1C61C65B007ACF76 /* FXNetworkController.swift */ = {isa = PBXFileReference; fileEncoding = 4; lastKnownFileType = sourcecode.swift; path = FXNetworkController.swift; sourceTree = "<group>"; };
/* End PBXFileReference section */

/* Begin PBXFrameworksBuildPhase section */
		BE2252401C60582B0028B3E9 /* Frameworks */ = {
			isa = PBXFrameworksBuildPhase;
			buildActionMask = 2147483647;
			files = (
			);
			runOnlyForDeploymentPostprocessing = 0;
		};
		BE2252541C60582B0028B3E9 /* Frameworks */ = {
			isa = PBXFrameworksBuildPhase;
			buildActionMask = 2147483647;
			files = (
			);
			runOnlyForDeploymentPostprocessing = 0;
		};
/* End PBXFrameworksBuildPhase section */

/* Begin PBXGroup section */
		BE22523A1C60582B0028B3E9 = {
			isa = PBXGroup;
			children = (
				BE2252451C60582B0028B3E9 /* FXFTPServer */,
				BE22525A1C60582B0028B3E9 /* FXFTPServerTests */,
				BE2252441C60582B0028B3E9 /* Products */,
			);
			sourceTree = "<group>";
		};
		BE2252441C60582B0028B3E9 /* Products */ = {
			isa = PBXGroup;
			children = (
				BE2252431C60582B0028B3E9 /* FXFTPServer.app */,
				BE2252571C60582B0028B3E9 /* FXFTPServerTests.xctest */,
			);
			name = Products;
			sourceTree = "<group>";
		};
		BE2252451C60582B0028B3E9 /* FXFTPServer */ = {
			isa = PBXGroup;
			children = (
				BE2252661C605A550028B3E9 /* Core */,
				BE2252461C60582B0028B3E9 /* AppDelegate.swift */,
				BE2252481C60582B0028B3E9 /* ViewController.swift */,
				BE22524D1C60582B0028B3E9 /* Assets.xcassets */,
				BE22524F1C60582B0028B3E9 /* LaunchScreen.storyboard */,
				BE2252521C60582B0028B3E9 /* Info.plist */,
			);
			path = FXFTPServer;
			sourceTree = "<group>";
		};
		BE22525A1C60582B0028B3E9 /* FXFTPServerTests */ = {
			isa = PBXGroup;
			children = (
				BE22525B1C60582B0028B3E9 /* FXFTPServerTests.swift */,
				BE22525D1C60582B0028B3E9 /* Info.plist */,
			);
			path = FXFTPServerTests;
			sourceTree = "<group>";
		};
		BE2252661C605A550028B3E9 /* Core */ = {
			isa = PBXGroup;
			children = (
				BE54490F1C613F4F007ACF76 /* swift */,
				BE54490E1C613F44007ACF76 /* obj-c */,
				BE2252671C605A6A0028B3E9 /* FXFTPServer-Bridging-Header.h */,
			);
			name = Core;
			sourceTree = "<group>";
		};
		BE54490E1C613F44007ACF76 /* obj-c */ = {
			isa = PBXGroup;
			children = (
				BE2252771C605D420028B3E9 /* AsyncSocket.h */,
				BE2252781C605D420028B3E9 /* AsyncSocket.m */,
				BE2252901C60618D0028B3E9 /* ftp_commands.plist */,
				BE2252791C605D420028B3E9 /* FtpConnection.h */,
				BE22527A1C605D420028B3E9 /* FtpConnection.m */,
				BE22527B1C605D420028B3E9 /* FtpDataConnection.h */,
				BE22527C1C605D420028B3E9 /* FtpDataConnection.m */,
				BE22527D1C605D420028B3E9 /* FtpDefines.h */,
				BE22527E1C605D420028B3E9 /* FtpServer.h */,
				BE22527F1C605D420028B3E9 /* FtpServer.m */,
				BE2252841C605D420028B3E9 /* list.h */,
				BE2252851C605D420028B3E9 /* list.m */,
				BE2252861C605D420028B3E9 /* NetworkController.h */,
				BE2252871C605D420028B3E9 /* NetworkController.m */,
			);
			name = "obj-c";
			sourceTree = "<group>";
		};
		BE54490F1C613F4F007ACF76 /* swift */ = {
			isa = PBXGroup;
			children = (
				BE5449101C613F7C007ACF76 /* GCDAsyncSocket.h */,
				BE5449111C613F7C007ACF76 /* GCDAsyncSocket.m */,
				BE5449131C61C625007ACF76 /* FXFtpConnection.swift */,
				BE5449151C61C63A007ACF76 /* FXFTPDataConnection.swift */,
				BE5449171C61C649007ACF76 /* FXFtpServer.swift */,
				BE5449191C61C650007ACF76 /* FXList.swift */,
				BE54491B1C61C65B007ACF76 /* FXNetworkController.swift */,
			);
			name = swift;
			sourceTree = "<group>";
		};
/* End PBXGroup section */

/* Begin PBXNativeTarget section */
		BE2252421C60582B0028B3E9 /* FXFTPServer */ = {
			isa = PBXNativeTarget;
			buildConfigurationList = BE2252601C60582B0028B3E9 /* Build configuration list for PBXNativeTarget "FXFTPServer" */;
			buildPhases = (
				BE22523F1C60582B0028B3E9 /* Sources */,
				BE2252401C60582B0028B3E9 /* Frameworks */,
				BE2252411C60582B0028B3E9 /* Resources */,
			);
			buildRules = (
			);
			dependencies = (
			);
			name = FXFTPServer;
			productName = FXFTPServer;
			productReference = BE2252431C60582B0028B3E9 /* FXFTPServer.app */;
			productType = "com.apple.product-type.application";
		};
		BE2252561C60582B0028B3E9 /* FXFTPServerTests */ = {
			isa = PBXNativeTarget;
			buildConfigurationList = BE2252631C60582B0028B3E9 /* Build configuration list for PBXNativeTarget "FXFTPServerTests" */;
			buildPhases = (
				BE2252531C60582B0028B3E9 /* Sources */,
				BE2252541C60582B0028B3E9 /* Frameworks */,
				BE2252551C60582B0028B3E9 /* Resources */,
			);
			buildRules = (
			);
			dependencies = (
				BE2252591C60582B0028B3E9 /* PBXTargetDependency */,
			);
			name = FXFTPServerTests;
			productName = FXFTPServerTests;
			productReference = BE2252571C60582B0028B3E9 /* FXFTPServerTests.xctest */;
			productType = "com.apple.product-type.bundle.unit-test";
		};
/* End PBXNativeTarget section */

/* Begin PBXProject section */
		BE22523B1C60582B0028B3E9 /* Project object */ = {
			isa = PBXProject;
			attributes = {
				CLASSPREFIX = FX;
				LastSwiftUpdateCheck = 0720;
				LastUpgradeCheck = 0720;
				ORGANIZATIONNAME = kioshimafx;
				TargetAttributes = {
					BE2252421C60582B0028B3E9 = {
						CreatedOnToolsVersion = 7.2;
						DevelopmentTeam = PR6635TQQ3;
					};
					BE2252561C60582B0028B3E9 = {
						CreatedOnToolsVersion = 7.2;
						TestTargetID = BE2252421C60582B0028B3E9;
					};
				};
			};
			buildConfigurationList = BE22523E1C60582B0028B3E9 /* Build configuration list for PBXProject "FXFTPServer" */;
			compatibilityVersion = "Xcode 3.2";
			developmentRegion = English;
			hasScannedForEncodings = 0;
			knownRegions = (
				en,
				Base,
			);
			mainGroup = BE22523A1C60582B0028B3E9;
			productRefGroup = BE2252441C60582B0028B3E9 /* Products */;
			projectDirPath = "";
			projectRoot = "";
			targets = (
				BE2252421C60582B0028B3E9 /* FXFTPServer */,
				BE2252561C60582B0028B3E9 /* FXFTPServerTests */,
			);
		};
/* End PBXProject section */

/* Begin PBXResourcesBuildPhase section */
		BE2252411C60582B0028B3E9 /* Resources */ = {
			isa = PBXResourcesBuildPhase;
			buildActionMask = 2147483647;
			files = (
				BE2252911C60618D0028B3E9 /* ftp_commands.plist in Resources */,
				BE2252511C60582B0028B3E9 /* LaunchScreen.storyboard in Resources */,
				BE22524E1C60582B0028B3E9 /* Assets.xcassets in Resources */,
			);
			runOnlyForDeploymentPostprocessing = 0;
		};
		BE2252551C60582B0028B3E9 /* Resources */ = {
			isa = PBXResourcesBuildPhase;
			buildActionMask = 2147483647;
			files = (
			);
			runOnlyForDeploymentPostprocessing = 0;
		};
/* End PBXResourcesBuildPhase section */

/* Begin PBXSourcesBuildPhase section */
		BE22523F1C60582B0028B3E9 /* Sources */ = {
			isa = PBXSourcesBuildPhase;
			buildActionMask = 2147483647;
			files = (
				BE2252891C605D420028B3E9 /* FtpConnection.m in Sources */,
				BE22528B1C605D420028B3E9 /* FtpServer.m in Sources */,
				BE2252881C605D420028B3E9 /* AsyncSocket.m in Sources */,
				BE5449181C61C649007ACF76 /* FXFtpServer.swift in Sources */,
				BE22528F1C605D420028B3E9 /* NetworkController.m in Sources */,
				BE2252491C60582B0028B3E9 /* ViewController.swift in Sources */,
				BE22528E1C605D420028B3E9 /* list.m in Sources */,
				BE5449121C613F7C007ACF76 /* GCDAsyncSocket.m in Sources */,
				BE2252471C60582B0028B3E9 /* AppDelegate.swift in Sources */,
				BE5449141C61C625007ACF76 /* FXFtpConnection.swift in Sources */,
				BE54491C1C61C65B007ACF76 /* FXNetworkController.swift in Sources */,
				BE54491A1C61C650007ACF76 /* FXList.swift in Sources */,
				BE5449161C61C63A007ACF76 /* FXFTPDataConnection.swift in Sources */,
				BE22528A1C605D420028B3E9 /* FtpDataConnection.m in Sources */,
			);
			runOnlyForDeploymentPostprocessing = 0;
		};
		BE2252531C60582B0028B3E9 /* Sources */ = {
			isa = PBXSourcesBuildPhase;
			buildActionMask = 2147483647;
			files = (
				BE22525C1C60582B0028B3E9 /* FXFTPServerTests.swift in Sources */,
			);
			runOnlyForDeploymentPostprocessing = 0;
		};
/* End PBXSourcesBuildPhase section */

/* Begin PBXTargetDependency section */
		BE2252591C60582B0028B3E9 /* PBXTargetDependency */ = {
			isa = PBXTargetDependency;
			target = BE2252421C60582B0028B3E9 /* FXFTPServer */;
			targetProxy = BE2252581C60582B0028B3E9 /* PBXContainerItemProxy */;
		};
/* End PBXTargetDependency section */

/* Begin PBXVariantGroup section */
		BE22524F1C60582B0028B3E9 /* LaunchScreen.storyboard */ = {
			isa = PBXVariantGroup;
			children = (
				BE2252501C60582B0028B3E9 /* Base */,
			);
			name = LaunchScreen.storyboard;
			sourceTree = "<group>";
		};
/* End PBXVariantGroup section */

/* Begin XCBuildConfiguration section */
		BE22525E1C60582B0028B3E9 /* Debug */ = {
			isa = XCBuildConfiguration;
			buildSettings = {
				ALWAYS_SEARCH_USER_PATHS = NO;
				CLANG_CXX_LANGUAGE_STANDARD = "gnu++0x";
				CLANG_CXX_LIBRARY = "libc++";
				CLANG_ENABLE_MODULES = YES;
				CLANG_ENABLE_OBJC_ARC = YES;
				CLANG_WARN_BOOL_CONVERSION = YES;
				CLANG_WARN_CONSTANT_CONVERSION = YES;
				CLANG_WARN_DIRECT_OBJC_ISA_USAGE = YES_ERROR;
				CLANG_WARN_EMPTY_BODY = YES;
				CLANG_WARN_ENUM_CONVERSION = YES;
				CLANG_WARN_INT_CONVERSION = YES;
				CLANG_WARN_OBJC_ROOT_CLASS = YES_ERROR;
				CLANG_WARN_UNREACHABLE_CODE = YES;
				CLANG_WARN__DUPLICATE_METHOD_MATCH = YES;
				"CODE_SIGN_IDENTITY[sdk=iphoneos*]" = "iPhone Developer";
				COPY_PHASE_STRIP = NO;
				DEBUG_INFORMATION_FORMAT = dwarf;
				ENABLE_STRICT_OBJC_MSGSEND = YES;
				ENABLE_TESTABILITY = YES;
				GCC_C_LANGUAGE_STANDARD = gnu99;
				GCC_DYNAMIC_NO_PIC = NO;
				GCC_NO_COMMON_BLOCKS = YES;
				GCC_OPTIMIZATION_LEVEL = 0;
				GCC_PREPROCESSOR_DEFINITIONS = (
					"DEBUG=1",
					"$(inherited)",
				);
				GCC_WARN_64_TO_32_BIT_CONVERSION = YES;
				GCC_WARN_ABOUT_RETURN_TYPE = YES_ERROR;
				GCC_WARN_UNDECLARED_SELECTOR = YES;
				GCC_WARN_UNINITIALIZED_AUTOS = YES_AGGRESSIVE;
				GCC_WARN_UNUSED_FUNCTION = YES;
				GCC_WARN_UNUSED_VARIABLE = YES;
				IPHONEOS_DEPLOYMENT_TARGET = 9.2;
				MTL_ENABLE_DEBUG_INFO = YES;
				ONLY_ACTIVE_ARCH = YES;
				SDKROOT = iphoneos;
				SWIFT_OPTIMIZATION_LEVEL = "-Onone";
			};
			name = Debug;
		};
		BE22525F1C60582B0028B3E9 /* Release */ = {
			isa = XCBuildConfiguration;
			buildSettings = {
				ALWAYS_SEARCH_USER_PATHS = NO;
				CLANG_CXX_LANGUAGE_STANDARD = "gnu++0x";
				CLANG_CXX_LIBRARY = "libc++";
				CLANG_ENABLE_MODULES = YES;
				CLANG_ENABLE_OBJC_ARC = YES;
				CLANG_WARN_BOOL_CONVERSION = YES;
				CLANG_WARN_CONSTANT_CONVERSION = YES;
				CLANG_WARN_DIRECT_OBJC_ISA_USAGE = YES_ERROR;
				CLANG_WARN_EMPTY_BODY = YES;
				CLANG_WARN_ENUM_CONVERSION = YES;
				CLANG_WARN_INT_CONVERSION = YES;
				CLANG_WARN_OBJC_ROOT_CLASS = YES_ERROR;
				CLANG_WARN_UNREACHABLE_CODE = YES;
				CLANG_WARN__DUPLICATE_METHOD_MATCH = YES;
				"CODE_SIGN_IDENTITY[sdk=iphoneos*]" = "iPhone Developer";
				COPY_PHASE_STRIP = NO;
				DEBUG_INFORMATION_FORMAT = "dwarf-with-dsym";
				ENABLE_NS_ASSERTIONS = NO;
				ENABLE_STRICT_OBJC_MSGSEND = YES;
				GCC_C_LANGUAGE_STANDARD = gnu99;
				GCC_NO_COMMON_BLOCKS = YES;
				GCC_WARN_64_TO_32_BIT_CONVERSION = YES;
				GCC_WARN_ABOUT_RETURN_TYPE = YES_ERROR;
				GCC_WARN_UNDECLARED_SELECTOR = YES;
				GCC_WARN_UNINITIALIZED_AUTOS = YES_AGGRESSIVE;
				GCC_WARN_UNUSED_FUNCTION = YES;
				GCC_WARN_UNUSED_VARIABLE = YES;
				IPHONEOS_DEPLOYMENT_TARGET = 9.2;
				MTL_ENABLE_DEBUG_INFO = NO;
				SDKROOT = iphoneos;
				VALIDATE_PRODUCT = YES;
			};
			name = Release;
		};
		BE2252611C60582B0028B3E9 /* Debug */ = {
			isa = XCBuildConfiguration;
			buildSettings = {
				ASSETCATALOG_COMPILER_APPICON_NAME = AppIcon;
				CLANG_ENABLE_MODULES = YES;
				CODE_SIGN_IDENTITY = "iPhone Developer";
				INFOPLIST_FILE = FXFTPServer/Info.plist;
				IPHONEOS_DEPLOYMENT_TARGET = 8.0;
				LD_RUNPATH_SEARCH_PATHS = "$(inherited) @executable_path/Frameworks";
				PRODUCT_BUNDLE_IDENTIFIER = com.kioshimafx.FXFTPServer;
				PRODUCT_NAME = "$(TARGET_NAME)";
				SWIFT_OBJC_BRIDGING_HEADER = "FXFTPServer/FXFTPServer-Bridging-Header.h";
				SWIFT_OPTIMIZATION_LEVEL = "-Onone";
			};
			name = Debug;
		};
		BE2252621C60582B0028B3E9 /* Release */ = {
			isa = XCBuildConfiguration;
			buildSettings = {
				ASSETCATALOG_COMPILER_APPICON_NAME = AppIcon;
				CLANG_ENABLE_MODULES = YES;
				CODE_SIGN_IDENTITY = "iPhone Developer";
				INFOPLIST_FILE = FXFTPServer/Info.plist;
				IPHONEOS_DEPLOYMENT_TARGET = 8.0;
				LD_RUNPATH_SEARCH_PATHS = "$(inherited) @executable_path/Frameworks";
				PRODUCT_BUNDLE_IDENTIFIER = com.kioshimafx.FXFTPServer;
				PRODUCT_NAME = "$(TARGET_NAME)";
				SWIFT_OBJC_BRIDGING_HEADER = "FXFTPServer/FXFTPServer-Bridging-Header.h";
			};
			name = Release;
		};
		BE2252641C60582B0028B3E9 /* Debug */ = {
			isa = XCBuildConfiguration;
			buildSettings = {
				BUNDLE_LOADER = "$(TEST_HOST)";
				INFOPLIST_FILE = FXFTPServerTests/Info.plist;
				LD_RUNPATH_SEARCH_PATHS = "$(inherited) @executable_path/Frameworks @loader_path/Frameworks";
				PRODUCT_BUNDLE_IDENTIFIER = com.kioshimafx.FXFTPServerTests;
				PRODUCT_NAME = "$(TARGET_NAME)";
				TEST_HOST = "$(BUILT_PRODUCTS_DIR)/FXFTPServer.app/FXFTPServer";
			};
			name = Debug;
		};
		BE2252651C60582B0028B3E9 /* Release */ = {
			isa = XCBuildConfiguration;
			buildSettings = {
				BUNDLE_LOADER = "$(TEST_HOST)";
				INFOPLIST_FILE = FXFTPServerTests/Info.plist;
				LD_RUNPATH_SEARCH_PATHS = "$(inherited) @executable_path/Frameworks @loader_path/Frameworks";
				PRODUCT_BUNDLE_IDENTIFIER = com.kioshimafx.FXFTPServerTests;
				PRODUCT_NAME = "$(TARGET_NAME)";
				TEST_HOST = "$(BUILT_PRODUCTS_DIR)/FXFTPServer.app/FXFTPServer";
			};
			name = Release;
		};
/* End XCBuildConfiguration section */

/* Begin XCConfigurationList section */
		BE22523E1C60582B0028B3E9 /* Build configuration list for PBXProject "FXFTPServer" */ = {
			isa = XCConfigurationList;
			buildConfigurations = (
				BE22525E1C60582B0028B3E9 /* Debug */,
				BE22525F1C60582B0028B3E9 /* Release */,
			);
			defaultConfigurationIsVisible = 0;
			defaultConfigurationName = Release;
		};
		BE2252601C60582B0028B3E9 /* Build configuration list for PBXNativeTarget "FXFTPServer" */ = {
			isa = XCConfigurationList;
			buildConfigurations = (
				BE2252611C60582B0028B3E9 /* Debug */,
				BE2252621C60582B0028B3E9 /* Release */,
			);
			defaultConfigurationIsVisible = 0;
			defaultConfigurationName = Release;
		};
		BE2252631C60582B0028B3E9 /* Build configuration list for PBXNativeTarget "FXFTPServerTests" */ = {
			isa = XCConfigurationList;
			buildConfigurations = (
				BE2252641C60582B0028B3E9 /* Debug */,
				BE2252651C60582B0028B3E9 /* Release */,
			);
			defaultConfigurationIsVisible = 0;
			defaultConfigurationName = Release;
		};
/* End XCConfigurationList section */
	};
	rootObject = BE22523B1C60582B0028B3E9 /* Project object */;
}
